// !$*UTF8*$!
{
	archiveVersion = 1;
	classes = {
	};
	objectVersion = 48;
	objects = {

/* Begin PBXBuildFile section */
		189F7DD5CA16CE9C58F886A8 /* libPods-MetroSeatUITests.a in Frameworks */ = {isa = PBXBuildFile; fileRef = A9001DE945D8199C312D4973 /* libPods-MetroSeatUITests.a */; };
		1979FA16B230ECF7C0F61DDA /* libPods-MetroSeatTests.a in Frameworks */ = {isa = PBXBuildFile; fileRef = F29B894F33A4A263464D442F /* libPods-MetroSeatTests.a */; };
		340BA59DEBFB311803801B8A /* libPods-MetroSeat.a in Frameworks */ = {isa = PBXBuildFile; fileRef = 9B7C4064FC1F7E8213BB3CF7 /* libPods-MetroSeat.a */; };
		F2B68ABD2047CB41009AD0AA /* AppDelegate.m in Sources */ = {isa = PBXBuildFile; fileRef = F2B68ABC2047CB41009AD0AA /* AppDelegate.m */; };
		F2B68AC02047CB41009AD0AA /* ViewController.m in Sources */ = {isa = PBXBuildFile; fileRef = F2B68ABF2047CB41009AD0AA /* ViewController.m */; };
		F2B68AC52047CB41009AD0AA /* Assets.xcassets in Resources */ = {isa = PBXBuildFile; fileRef = F2B68AC42047CB41009AD0AA /* Assets.xcassets */; };
		F2B68AC82047CB41009AD0AA /* LaunchScreen.storyboard in Resources */ = {isa = PBXBuildFile; fileRef = F2B68AC62047CB41009AD0AA /* LaunchScreen.storyboard */; };
		F2B68ACB2047CB41009AD0AA /* main.m in Sources */ = {isa = PBXBuildFile; fileRef = F2B68ACA2047CB41009AD0AA /* main.m */; };
		F2B68AD52047CB42009AD0AA /* MetroSeatTests.m in Sources */ = {isa = PBXBuildFile; fileRef = F2B68AD42047CB42009AD0AA /* MetroSeatTests.m */; };
		F2B68AE02047CB42009AD0AA /* MetroSeatUITests.m in Sources */ = {isa = PBXBuildFile; fileRef = F2B68ADF2047CB42009AD0AA /* MetroSeatUITests.m */; };
		F2B68AF02047D090009AD0AA /* TemplateList.m in Sources */ = {isa = PBXBuildFile; fileRef = F2B68AEF2047D090009AD0AA /* TemplateList.m */; };
		F2B68AF32047D229009AD0AA /* UITableViewCell+Value.m in Sources */ = {isa = PBXBuildFile; fileRef = F2B68AF22047D229009AD0AA /* UITableViewCell+Value.m */; };
		F2B68AF72047D475009AD0AA /* ListCell.m in Sources */ = {isa = PBXBuildFile; fileRef = F2B68AF52047D475009AD0AA /* ListCell.m */; };
/* End PBXBuildFile section */

/* Begin PBXContainerItemProxy section */
		F2B68AD12047CB41009AD0AA /* PBXContainerItemProxy */ = {
			isa = PBXContainerItemProxy;
			containerPortal = F2B68AB02047CB41009AD0AA /* Project object */;
			proxyType = 1;
			remoteGlobalIDString = F2B68AB72047CB41009AD0AA;
			remoteInfo = MetroSeat;
		};
		F2B68ADC2047CB42009AD0AA /* PBXContainerItemProxy */ = {
			isa = PBXContainerItemProxy;
			containerPortal = F2B68AB02047CB41009AD0AA /* Project object */;
			proxyType = 1;
			remoteGlobalIDString = F2B68AB72047CB41009AD0AA;
			remoteInfo = MetroSeat;
		};
/* End PBXContainerItemProxy section */

/* Begin PBXFileReference section */
		0FF57870B9CF2BB833D6A844 /* Pods-MetroSeatTests.release.xcconfig */ = {isa = PBXFileReference; includeInIndex = 1; lastKnownFileType = text.xcconfig; name = "Pods-MetroSeatTests.release.xcconfig"; path = "Pods/Target Support Files/Pods-MetroSeatTests/Pods-MetroSeatTests.release.xcconfig"; sourceTree = "<group>"; };
		4689E5E0E92AD27E629055CC /* Pods-MetroSeat.debug.xcconfig */ = {isa = PBXFileReference; includeInIndex = 1; lastKnownFileType = text.xcconfig; name = "Pods-MetroSeat.debug.xcconfig"; path = "Pods/Target Support Files/Pods-MetroSeat/Pods-MetroSeat.debug.xcconfig"; sourceTree = "<group>"; };
		5A59061B39BCB496612F89E1 /* Pods-MetroSeat.release.xcconfig */ = {isa = PBXFileReference; includeInIndex = 1; lastKnownFileType = text.xcconfig; name = "Pods-MetroSeat.release.xcconfig"; path = "Pods/Target Support Files/Pods-MetroSeat/Pods-MetroSeat.release.xcconfig"; sourceTree = "<group>"; };
		66E29B070CA189C71121100F /* Pods-MetroSeatUITests.debug.xcconfig */ = {isa = PBXFileReference; includeInIndex = 1; lastKnownFileType = text.xcconfig; name = "Pods-MetroSeatUITests.debug.xcconfig"; path = "Pods/Target Support Files/Pods-MetroSeatUITests/Pods-MetroSeatUITests.debug.xcconfig"; sourceTree = "<group>"; };
		9B7C4064FC1F7E8213BB3CF7 /* libPods-MetroSeat.a */ = {isa = PBXFileReference; explicitFileType = archive.ar; includeInIndex = 0; path = "libPods-MetroSeat.a"; sourceTree = BUILT_PRODUCTS_DIR; };
		A9001DE945D8199C312D4973 /* libPods-MetroSeatUITests.a */ = {isa = PBXFileReference; explicitFileType = archive.ar; includeInIndex = 0; path = "libPods-MetroSeatUITests.a"; sourceTree = BUILT_PRODUCTS_DIR; };
		D187801B02CBB5D03B97C218 /* Pods-MetroSeatUITests.release.xcconfig */ = {isa = PBXFileReference; includeInIndex = 1; lastKnownFileType = text.xcconfig; name = "Pods-MetroSeatUITests.release.xcconfig"; path = "Pods/Target Support Files/Pods-MetroSeatUITests/Pods-MetroSeatUITests.release.xcconfig"; sourceTree = "<group>"; };
		F22297838D46EB6680F9F433 /* Pods-MetroSeatTests.debug.xcconfig */ = {isa = PBXFileReference; includeInIndex = 1; lastKnownFileType = text.xcconfig; name = "Pods-MetroSeatTests.debug.xcconfig"; path = "Pods/Target Support Files/Pods-MetroSeatTests/Pods-MetroSeatTests.debug.xcconfig"; sourceTree = "<group>"; };
		F29B894F33A4A263464D442F /* libPods-MetroSeatTests.a */ = {isa = PBXFileReference; explicitFileType = archive.ar; includeInIndex = 0; path = "libPods-MetroSeatTests.a"; sourceTree = BUILT_PRODUCTS_DIR; };
		F2B68AB82047CB41009AD0AA /* MetroSeat.app */ = {isa = PBXFileReference; explicitFileType = wrapper.application; includeInIndex = 0; path = MetroSeat.app; sourceTree = BUILT_PRODUCTS_DIR; };
		F2B68ABB2047CB41009AD0AA /* AppDelegate.h */ = {isa = PBXFileReference; lastKnownFileType = sourcecode.c.h; path = AppDelegate.h; sourceTree = "<group>"; };
		F2B68ABC2047CB41009AD0AA /* AppDelegate.m */ = {isa = PBXFileReference; lastKnownFileType = sourcecode.c.objc; path = AppDelegate.m; sourceTree = "<group>"; };
		F2B68ABE2047CB41009AD0AA /* ViewController.h */ = {isa = PBXFileReference; lastKnownFileType = sourcecode.c.h; path = ViewController.h; sourceTree = "<group>"; };
		F2B68ABF2047CB41009AD0AA /* ViewController.m */ = {isa = PBXFileReference; lastKnownFileType = sourcecode.c.objc; path = ViewController.m; sourceTree = "<group>"; };
		F2B68AC42047CB41009AD0AA /* Assets.xcassets */ = {isa = PBXFileReference; lastKnownFileType = folder.assetcatalog; path = Assets.xcassets; sourceTree = "<group>"; };
		F2B68AC72047CB41009AD0AA /* Base */ = {isa = PBXFileReference; lastKnownFileType = file.storyboard; name = Base; path = Base.lproj/LaunchScreen.storyboard; sourceTree = "<group>"; };
		F2B68AC92047CB41009AD0AA /* Info.plist */ = {isa = PBXFileReference; lastKnownFileType = text.plist.xml; path = Info.plist; sourceTree = "<group>"; };
		F2B68ACA2047CB41009AD0AA /* main.m */ = {isa = PBXFileReference; lastKnownFileType = sourcecode.c.objc; path = main.m; sourceTree = "<group>"; };
		F2B68AD02047CB41009AD0AA /* MetroSeatTests.xctest */ = {isa = PBXFileReference; explicitFileType = wrapper.cfbundle; includeInIndex = 0; path = MetroSeatTests.xctest; sourceTree = BUILT_PRODUCTS_DIR; };
		F2B68AD42047CB42009AD0AA /* MetroSeatTests.m */ = {isa = PBXFileReference; lastKnownFileType = sourcecode.c.objc; path = MetroSeatTests.m; sourceTree = "<group>"; };
		F2B68AD62047CB42009AD0AA /* Info.plist */ = {isa = PBXFileReference; lastKnownFileType = text.plist.xml; path = Info.plist; sourceTree = "<group>"; };
		F2B68ADB2047CB42009AD0AA /* MetroSeatUITests.xctest */ = {isa = PBXFileReference; explicitFileType = wrapper.cfbundle; includeInIndex = 0; path = MetroSeatUITests.xctest; sourceTree = BUILT_PRODUCTS_DIR; };
		F2B68ADF2047CB42009AD0AA /* MetroSeatUITests.m */ = {isa = PBXFileReference; lastKnownFileType = sourcecode.c.objc; path = MetroSeatUITests.m; sourceTree = "<group>"; };
		F2B68AE12047CB42009AD0AA /* Info.plist */ = {isa = PBXFileReference; lastKnownFileType = text.plist.xml; path = Info.plist; sourceTree = "<group>"; };
		F2B68AEE2047D090009AD0AA /* TemplateList.h */ = {isa = PBXFileReference; lastKnownFileType = sourcecode.c.h; path = TemplateList.h; sourceTree = "<group>"; };
		F2B68AEF2047D090009AD0AA /* TemplateList.m */ = {isa = PBXFileReference; lastKnownFileType = sourcecode.c.objc; path = TemplateList.m; sourceTree = "<group>"; };
		F2B68AF12047D229009AD0AA /* UITableViewCell+Value.h */ = {isa = PBXFileReference; lastKnownFileType = sourcecode.c.h; path = "UITableViewCell+Value.h"; sourceTree = "<group>"; };
		F2B68AF22047D229009AD0AA /* UITableViewCell+Value.m */ = {isa = PBXFileReference; lastKnownFileType = sourcecode.c.objc; path = "UITableViewCell+Value.m"; sourceTree = "<group>"; };
		F2B68AF42047D475009AD0AA /* ListCell.h */ = {isa = PBXFileReference; lastKnownFileType = sourcecode.c.h; path = ListCell.h; sourceTree = "<group>"; };
		F2B68AF52047D475009AD0AA /* ListCell.m */ = {isa = PBXFileReference; lastKnownFileType = sourcecode.c.objc; path = ListCell.m; sourceTree = "<group>"; };
/* End PBXFileReference section */

/* Begin PBXFrameworksBuildPhase section */
		F2B68AB52047CB41009AD0AA /* Frameworks */ = {
			isa = PBXFrameworksBuildPhase;
			buildActionMask = 2147483647;
			files = (
				340BA59DEBFB311803801B8A /* libPods-MetroSeat.a in Frameworks */,
			);
			runOnlyForDeploymentPostprocessing = 0;
		};
		F2B68ACD2047CB41009AD0AA /* Frameworks */ = {
			isa = PBXFrameworksBuildPhase;
			buildActionMask = 2147483647;
			files = (
				1979FA16B230ECF7C0F61DDA /* libPods-MetroSeatTests.a in Frameworks */,
			);
			runOnlyForDeploymentPostprocessing = 0;
		};
		F2B68AD82047CB42009AD0AA /* Frameworks */ = {
			isa = PBXFrameworksBuildPhase;
			buildActionMask = 2147483647;
			files = (
				189F7DD5CA16CE9C58F886A8 /* libPods-MetroSeatUITests.a in Frameworks */,
			);
			runOnlyForDeploymentPostprocessing = 0;
		};
/* End PBXFrameworksBuildPhase section */

/* Begin PBXGroup section */
		32061C8C905DD50C7B460319 /* Frameworks */ = {
			isa = PBXGroup;
			children = (
				9B7C4064FC1F7E8213BB3CF7 /* libPods-MetroSeat.a */,
				F29B894F33A4A263464D442F /* libPods-MetroSeatTests.a */,
				A9001DE945D8199C312D4973 /* libPods-MetroSeatUITests.a */,
			);
			name = Frameworks;
			sourceTree = "<group>";
		};
		52B4A57F58979A650E8D2409 /* Pods */ = {
			isa = PBXGroup;
			children = (
				4689E5E0E92AD27E629055CC /* Pods-MetroSeat.debug.xcconfig */,
				5A59061B39BCB496612F89E1 /* Pods-MetroSeat.release.xcconfig */,
				F22297838D46EB6680F9F433 /* Pods-MetroSeatTests.debug.xcconfig */,
				0FF57870B9CF2BB833D6A844 /* Pods-MetroSeatTests.release.xcconfig */,
				66E29B070CA189C71121100F /* Pods-MetroSeatUITests.debug.xcconfig */,
				D187801B02CBB5D03B97C218 /* Pods-MetroSeatUITests.release.xcconfig */,
			);
			name = Pods;
			sourceTree = "<group>";
		};
		F2B68AAF2047CB41009AD0AA = {
			isa = PBXGroup;
			children = (
				F2B68ABA2047CB41009AD0AA /* MetroSeat */,
				F2B68AD32047CB41009AD0AA /* MetroSeatTests */,
				F2B68ADE2047CB42009AD0AA /* MetroSeatUITests */,
				F2B68AB92047CB41009AD0AA /* Products */,
				52B4A57F58979A650E8D2409 /* Pods */,
				32061C8C905DD50C7B460319 /* Frameworks */,
			);
			sourceTree = "<group>";
		};
		F2B68AB92047CB41009AD0AA /* Products */ = {
			isa = PBXGroup;
			children = (
				F2B68AB82047CB41009AD0AA /* MetroSeat.app */,
				F2B68AD02047CB41009AD0AA /* MetroSeatTests.xctest */,
				F2B68ADB2047CB42009AD0AA /* MetroSeatUITests.xctest */,
			);
			name = Products;
			sourceTree = "<group>";
		};
		F2B68ABA2047CB41009AD0AA /* MetroSeat */ = {
			isa = PBXGroup;
			children = (
				F2B68AED2047D024009AD0AA /* Template */,
				F2B68ABB2047CB41009AD0AA /* AppDelegate.h */,
				F2B68ABC2047CB41009AD0AA /* AppDelegate.m */,
				F2B68ABE2047CB41009AD0AA /* ViewController.h */,
				F2B68ABF2047CB41009AD0AA /* ViewController.m */,
				F2B68AC42047CB41009AD0AA /* Assets.xcassets */,
				F2B68AC62047CB41009AD0AA /* LaunchScreen.storyboard */,
				F2B68AC92047CB41009AD0AA /* Info.plist */,
				F2B68ACA2047CB41009AD0AA /* main.m */,
			);
			path = MetroSeat;
			sourceTree = "<group>";
		};
		F2B68AD32047CB41009AD0AA /* MetroSeatTests */ = {
			isa = PBXGroup;
			children = (
				F2B68AD42047CB42009AD0AA /* MetroSeatTests.m */,
				F2B68AD62047CB42009AD0AA /* Info.plist */,
			);
			path = MetroSeatTests;
			sourceTree = "<group>";
		};
		F2B68ADE2047CB42009AD0AA /* MetroSeatUITests */ = {
			isa = PBXGroup;
			children = (
				F2B68ADF2047CB42009AD0AA /* MetroSeatUITests.m */,
				F2B68AE12047CB42009AD0AA /* Info.plist */,
			);
			path = MetroSeatUITests;
			sourceTree = "<group>";
		};
		F2B68AED2047D024009AD0AA /* Template */ = {
			isa = PBXGroup;
			children = (
				F2B68AEE2047D090009AD0AA /* TemplateList.h */,
				F2B68AEF2047D090009AD0AA /* TemplateList.m */,
				F2B68AF12047D229009AD0AA /* UITableViewCell+Value.h */,
				F2B68AF22047D229009AD0AA /* UITableViewCell+Value.m */,
				F2B68AF42047D475009AD0AA /* ListCell.h */,
				F2B68AF52047D475009AD0AA /* ListCell.m */,
			);
			path = Template;
			sourceTree = "<group>";
		};
/* End PBXGroup section */

/* Begin PBXNativeTarget section */
		F2B68AB72047CB41009AD0AA /* MetroSeat */ = {
			isa = PBXNativeTarget;
			buildConfigurationList = F2B68AE42047CB42009AD0AA /* Build configuration list for PBXNativeTarget "MetroSeat" */;
			buildPhases = (
				5B7FD0A09930C222D97652CD /* [CP] Check Pods Manifest.lock */,
				F2B68AB42047CB41009AD0AA /* Sources */,
				F2B68AB52047CB41009AD0AA /* Frameworks */,
				F2B68AB62047CB41009AD0AA /* Resources */,
				9557385A8000A62BBCAE13DB /* [CP] Embed Pods Frameworks */,
				D3677D2F13643CE3F3A70162 /* [CP] Copy Pods Resources */,
			);
			buildRules = (
			);
			dependencies = (
			);
			name = MetroSeat;
			productName = MetroSeat;
			productReference = F2B68AB82047CB41009AD0AA /* MetroSeat.app */;
			productType = "com.apple.product-type.application";
		};
		F2B68ACF2047CB41009AD0AA /* MetroSeatTests */ = {
			isa = PBXNativeTarget;
			buildConfigurationList = F2B68AE72047CB42009AD0AA /* Build configuration list for PBXNativeTarget "MetroSeatTests" */;
			buildPhases = (
				C2F1D94409E13E1A2BDCB0DE /* [CP] Check Pods Manifest.lock */,
				F2B68ACC2047CB41009AD0AA /* Sources */,
				F2B68ACD2047CB41009AD0AA /* Frameworks */,
				F2B68ACE2047CB41009AD0AA /* Resources */,
				8262983AB211703D702CF42F /* [CP] Embed Pods Frameworks */,
				3ED79CCDDF96101EDE2EABF2 /* [CP] Copy Pods Resources */,
			);
			buildRules = (
			);
			dependencies = (
				F2B68AD22047CB41009AD0AA /* PBXTargetDependency */,
			);
			name = MetroSeatTests;
			productName = MetroSeatTests;
			productReference = F2B68AD02047CB41009AD0AA /* MetroSeatTests.xctest */;
			productType = "com.apple.product-type.bundle.unit-test";
		};
		F2B68ADA2047CB42009AD0AA /* MetroSeatUITests */ = {
			isa = PBXNativeTarget;
			buildConfigurationList = F2B68AEA2047CB42009AD0AA /* Build configuration list for PBXNativeTarget "MetroSeatUITests" */;
			buildPhases = (
				A77366EF2C82614CFA0929D3 /* [CP] Check Pods Manifest.lock */,
				F2B68AD72047CB42009AD0AA /* Sources */,
				F2B68AD82047CB42009AD0AA /* Frameworks */,
				F2B68AD92047CB42009AD0AA /* Resources */,
				55A5EC810A6C9E33DA478438 /* [CP] Embed Pods Frameworks */,
				3BD1658B7E281DBBCC8709D3 /* [CP] Copy Pods Resources */,
			);
			buildRules = (
			);
			dependencies = (
				F2B68ADD2047CB42009AD0AA /* PBXTargetDependency */,
			);
			name = MetroSeatUITests;
			productName = MetroSeatUITests;
			productReference = F2B68ADB2047CB42009AD0AA /* MetroSeatUITests.xctest */;
			productType = "com.apple.product-type.bundle.ui-testing";
		};
/* End PBXNativeTarget section */

/* Begin PBXProject section */
		F2B68AB02047CB41009AD0AA /* Project object */ = {
			isa = PBXProject;
			attributes = {
				LastUpgradeCheck = 0920;
				ORGANIZATIONNAME = Gary;
				TargetAttributes = {
					F2B68AB72047CB41009AD0AA = {
						CreatedOnToolsVersion = 9.2;
						LastSwiftMigration = 0920;
						ProvisioningStyle = Manual;
					};
					F2B68ACF2047CB41009AD0AA = {
						CreatedOnToolsVersion = 9.2;
						ProvisioningStyle = Automatic;
						TestTargetID = F2B68AB72047CB41009AD0AA;
					};
					F2B68ADA2047CB42009AD0AA = {
						CreatedOnToolsVersion = 9.2;
						ProvisioningStyle = Automatic;
						TestTargetID = F2B68AB72047CB41009AD0AA;
					};
				};
			};
			buildConfigurationList = F2B68AB32047CB41009AD0AA /* Build configuration list for PBXProject "MetroSeat" */;
			compatibilityVersion = "Xcode 8.0";
			developmentRegion = en;
			hasScannedForEncodings = 0;
			knownRegions = (
				en,
				Base,
			);
			mainGroup = F2B68AAF2047CB41009AD0AA;
			productRefGroup = F2B68AB92047CB41009AD0AA /* Products */;
			projectDirPath = "";
			projectRoot = "";
			targets = (
				F2B68AB72047CB41009AD0AA /* MetroSeat */,
				F2B68ACF2047CB41009AD0AA /* MetroSeatTests */,
				F2B68ADA2047CB42009AD0AA /* MetroSeatUITests */,
			);
		};
/* End PBXProject section */

/* Begin PBXResourcesBuildPhase section */
		F2B68AB62047CB41009AD0AA /* Resources */ = {
			isa = PBXResourcesBuildPhase;
			buildActionMask = 2147483647;
			files = (
				F2B68AC82047CB41009AD0AA /* LaunchScreen.storyboard in Resources */,
				F2B68AC52047CB41009AD0AA /* Assets.xcassets in Resources */,
			);
			runOnlyForDeploymentPostprocessing = 0;
		};
		F2B68ACE2047CB41009AD0AA /* Resources */ = {
			isa = PBXResourcesBuildPhase;
			buildActionMask = 2147483647;
			files = (
			);
			runOnlyForDeploymentPostprocessing = 0;
		};
		F2B68AD92047CB42009AD0AA /* Resources */ = {
			isa = PBXResourcesBuildPhase;
			buildActionMask = 2147483647;
			files = (
			);
			runOnlyForDeploymentPostprocessing = 0;
		};
/* End PBXResourcesBuildPhase section */

/* Begin PBXShellScriptBuildPhase section */
		3BD1658B7E281DBBCC8709D3 /* [CP] Copy Pods Resources */ = {
			isa = PBXShellScriptBuildPhase;
			buildActionMask = 2147483647;
			files = (
			);
			inputPaths = (
			);
			name = "[CP] Copy Pods Resources";
			outputPaths = (
			);
			runOnlyForDeploymentPostprocessing = 0;
			shellPath = /bin/sh;
			shellScript = "\"${SRCROOT}/Pods/Target Support Files/Pods-MetroSeatUITests/Pods-MetroSeatUITests-resources.sh\"\n";
			showEnvVarsInLog = 0;
		};
		3ED79CCDDF96101EDE2EABF2 /* [CP] Copy Pods Resources */ = {
			isa = PBXShellScriptBuildPhase;
			buildActionMask = 2147483647;
			files = (
			);
			inputPaths = (
			);
			name = "[CP] Copy Pods Resources";
			outputPaths = (
			);
			runOnlyForDeploymentPostprocessing = 0;
			shellPath = /bin/sh;
			shellScript = "\"${SRCROOT}/Pods/Target Support Files/Pods-MetroSeatTests/Pods-MetroSeatTests-resources.sh\"\n";
			showEnvVarsInLog = 0;
		};
		55A5EC810A6C9E33DA478438 /* [CP] Embed Pods Frameworks */ = {
			isa = PBXShellScriptBuildPhase;
			buildActionMask = 2147483647;
			files = (
			);
			inputPaths = (
				"${SRCROOT}/Pods/Target Support Files/Pods-MetroSeatUITests/Pods-MetroSeatUITests-frameworks.sh",
				"${BUILT_PRODUCTS_DIR}/SwiftMonkey/SwiftMonkey.framework",
			);
			name = "[CP] Embed Pods Frameworks";
			outputPaths = (
				"${TARGET_BUILD_DIR}/${FRAMEWORKS_FOLDER_PATH}/SwiftMonkey.framework",
			);
			runOnlyForDeploymentPostprocessing = 0;
			shellPath = /bin/sh;
			shellScript = "\"${SRCROOT}/Pods/Target Support Files/Pods-MetroSeatUITests/Pods-MetroSeatUITests-frameworks.sh\"\n";
			showEnvVarsInLog = 0;
		};
		5B7FD0A09930C222D97652CD /* [CP] Check Pods Manifest.lock */ = {
			isa = PBXShellScriptBuildPhase;
			buildActionMask = 2147483647;
			files = (
			);
			inputPaths = (
				"${PODS_PODFILE_DIR_PATH}/Podfile.lock",
				"${PODS_ROOT}/Manifest.lock",
			);
			name = "[CP] Check Pods Manifest.lock";
			outputPaths = (
				"$(DERIVED_FILE_DIR)/Pods-MetroSeat-checkManifestLockResult.txt",
			);
			runOnlyForDeploymentPostprocessing = 0;
			shellPath = /bin/sh;
			shellScript = "diff \"${PODS_PODFILE_DIR_PATH}/Podfile.lock\" \"${PODS_ROOT}/Manifest.lock\" > /dev/null\nif [ $? != 0 ] ; then\n    # print error to STDERR\n    echo \"error: The sandbox is not in sync with the Podfile.lock. Run 'pod install' or update your CocoaPods installation.\" >&2\n    exit 1\nfi\n# This output is used by Xcode 'outputs' to avoid re-running this script phase.\necho \"SUCCESS\" > \"${SCRIPT_OUTPUT_FILE_0}\"\n";
			showEnvVarsInLog = 0;
		};
		8262983AB211703D702CF42F /* [CP] Embed Pods Frameworks */ = {
			isa = PBXShellScriptBuildPhase;
			buildActionMask = 2147483647;
			files = (
			);
			inputPaths = (
				"${SRCROOT}/Pods/Target Support Files/Pods-MetroSeatTests/Pods-MetroSeatTests-frameworks.sh",
				"${BUILT_PRODUCTS_DIR}/SwiftMonkey/SwiftMonkey.framework",
			);
			name = "[CP] Embed Pods Frameworks";
			outputPaths = (
				"${TARGET_BUILD_DIR}/${FRAMEWORKS_FOLDER_PATH}/SwiftMonkey.framework",
			);
			runOnlyForDeploymentPostprocessing = 0;
			shellPath = /bin/sh;
			shellScript = "\"${SRCROOT}/Pods/Target Support Files/Pods-MetroSeatTests/Pods-MetroSeatTests-frameworks.sh\"\n";
			showEnvVarsInLog = 0;
		};
		9557385A8000A62BBCAE13DB /* [CP] Embed Pods Frameworks */ = {
			isa = PBXShellScriptBuildPhase;
			buildActionMask = 2147483647;
			files = (
			);
			inputPaths = (
				"${SRCROOT}/Pods/Target Support Files/Pods-MetroSeat/Pods-MetroSeat-frameworks.sh",
				"${BUILT_PRODUCTS_DIR}/SwiftMonkey/SwiftMonkey.framework",
			);
			name = "[CP] Embed Pods Frameworks";
			outputPaths = (
				"${TARGET_BUILD_DIR}/${FRAMEWORKS_FOLDER_PATH}/SwiftMonkey.framework",
			);
			runOnlyForDeploymentPostprocessing = 0;
			shellPath = /bin/sh;
			shellScript = "\"${SRCROOT}/Pods/Target Support Files/Pods-MetroSeat/Pods-MetroSeat-frameworks.sh\"\n";
			showEnvVarsInLog = 0;
		};
		A77366EF2C82614CFA0929D3 /* [CP] Check Pods Manifest.lock */ = {
			isa = PBXShellScriptBuildPhase;
			buildActionMask = 2147483647;
			files = (
			);
			inputPaths = (
				"${PODS_PODFILE_DIR_PATH}/Podfile.lock",
				"${PODS_ROOT}/Manifest.lock",
			);
			name = "[CP] Check Pods Manifest.lock";
			outputPaths = (
				"$(DERIVED_FILE_DIR)/Pods-MetroSeatUITests-checkManifestLockResult.txt",
			);
			runOnlyForDeploymentPostprocessing = 0;
			shellPath = /bin/sh;
			shellScript = "diff \"${PODS_PODFILE_DIR_PATH}/Podfile.lock\" \"${PODS_ROOT}/Manifest.lock\" > /dev/null\nif [ $? != 0 ] ; then\n    # print error to STDERR\n    echo \"error: The sandbox is not in sync with the Podfile.lock. Run 'pod install' or update your CocoaPods installation.\" >&2\n    exit 1\nfi\n# This output is used by Xcode 'outputs' to avoid re-running this script phase.\necho \"SUCCESS\" > \"${SCRIPT_OUTPUT_FILE_0}\"\n";
			showEnvVarsInLog = 0;
		};
		C2F1D94409E13E1A2BDCB0DE /* [CP] Check Pods Manifest.lock */ = {
			isa = PBXShellScriptBuildPhase;
			buildActionMask = 2147483647;
			files = (
			);
			inputPaths = (
				"${PODS_PODFILE_DIR_PATH}/Podfile.lock",
				"${PODS_ROOT}/Manifest.lock",
			);
			name = "[CP] Check Pods Manifest.lock";
			outputPaths = (
				"$(DERIVED_FILE_DIR)/Pods-MetroSeatTests-checkManifestLockResult.txt",
			);
			runOnlyForDeploymentPostprocessing = 0;
			shellPath = /bin/sh;
			shellScript = "diff \"${PODS_PODFILE_DIR_PATH}/Podfile.lock\" \"${PODS_ROOT}/Manifest.lock\" > /dev/null\nif [ $? != 0 ] ; then\n    # print error to STDERR\n    echo \"error: The sandbox is not in sync with the Podfile.lock. Run 'pod install' or update your CocoaPods installation.\" >&2\n    exit 1\nfi\n# This output is used by Xcode 'outputs' to avoid re-running this script phase.\necho \"SUCCESS\" > \"${SCRIPT_OUTPUT_FILE_0}\"\n";
			showEnvVarsInLog = 0;
		};
		D3677D2F13643CE3F3A70162 /* [CP] Copy Pods Resources */ = {
			isa = PBXShellScriptBuildPhase;
			buildActionMask = 2147483647;
			files = (
			);
			inputPaths = (
			);
			name = "[CP] Copy Pods Resources";
			outputPaths = (
			);
			runOnlyForDeploymentPostprocessing = 0;
			shellPath = /bin/sh;
			shellScript = "\"${SRCROOT}/Pods/Target Support Files/Pods-MetroSeat/Pods-MetroSeat-resources.sh\"\n";
			showEnvVarsInLog = 0;
		};
/* End PBXShellScriptBuildPhase section */

/* Begin PBXSourcesBuildPhase section */
		F2B68AB42047CB41009AD0AA /* Sources */ = {
			isa = PBXSourcesBuildPhase;
			buildActionMask = 2147483647;
			files = (
				F2B68AC02047CB41009AD0AA /* ViewController.m in Sources */,
				F2B68AF72047D475009AD0AA /* ListCell.m in Sources */,
				F2B68AF02047D090009AD0AA /* TemplateList.m in Sources */,
				F2B68AF32047D229009AD0AA /* UITableViewCell+Value.m in Sources */,
				F2B68ACB2047CB41009AD0AA /* main.m in Sources */,
				F2B68ABD2047CB41009AD0AA /* AppDelegate.m in Sources */,
			);
			runOnlyForDeploymentPostprocessing = 0;
		};
		F2B68ACC2047CB41009AD0AA /* Sources */ = {
			isa = PBXSourcesBuildPhase;
			buildActionMask = 2147483647;
			files = (
				F2B68AD52047CB42009AD0AA /* MetroSeatTests.m in Sources */,
			);
			runOnlyForDeploymentPostprocessing = 0;
		};
		F2B68AD72047CB42009AD0AA /* Sources */ = {
			isa = PBXSourcesBuildPhase;
			buildActionMask = 2147483647;
			files = (
				F2B68AE02047CB42009AD0AA /* MetroSeatUITests.m in Sources */,
			);
			runOnlyForDeploymentPostprocessing = 0;
		};
/* End PBXSourcesBuildPhase section */

/* Begin PBXTargetDependency section */
		F2B68AD22047CB41009AD0AA /* PBXTargetDependency */ = {
			isa = PBXTargetDependency;
			target = F2B68AB72047CB41009AD0AA /* MetroSeat */;
			targetProxy = F2B68AD12047CB41009AD0AA /* PBXContainerItemProxy */;
		};
		F2B68ADD2047CB42009AD0AA /* PBXTargetDependency */ = {
			isa = PBXTargetDependency;
			target = F2B68AB72047CB41009AD0AA /* MetroSeat */;
			targetProxy = F2B68ADC2047CB42009AD0AA /* PBXContainerItemProxy */;
		};
/* End PBXTargetDependency section */

/* Begin PBXVariantGroup section */
		F2B68AC62047CB41009AD0AA /* LaunchScreen.storyboard */ = {
			isa = PBXVariantGroup;
			children = (
				F2B68AC72047CB41009AD0AA /* Base */,
			);
			name = LaunchScreen.storyboard;
			sourceTree = "<group>";
		};
/* End PBXVariantGroup section */

/* Begin XCBuildConfiguration section */
		F2B68AE22047CB42009AD0AA /* Debug */ = {
			isa = XCBuildConfiguration;
			buildSettings = {
				ALWAYS_SEARCH_USER_PATHS = NO;
				CLANG_ANALYZER_NONNULL = YES;
				CLANG_ANALYZER_NUMBER_OBJECT_CONVERSION = YES_AGGRESSIVE;
				CLANG_CXX_LANGUAGE_STANDARD = "gnu++14";
				CLANG_CXX_LIBRARY = "libc++";
				CLANG_ENABLE_MODULES = YES;
				CLANG_ENABLE_OBJC_ARC = YES;
				CLANG_WARN_BLOCK_CAPTURE_AUTORELEASING = YES;
				CLANG_WARN_BOOL_CONVERSION = YES;
				CLANG_WARN_COMMA = YES;
				CLANG_WARN_CONSTANT_CONVERSION = YES;
				CLANG_WARN_DIRECT_OBJC_ISA_USAGE = YES_ERROR;
				CLANG_WARN_DOCUMENTATION_COMMENTS = YES;
				CLANG_WARN_EMPTY_BODY = YES;
				CLANG_WARN_ENUM_CONVERSION = YES;
				CLANG_WARN_INFINITE_RECURSION = YES;
				CLANG_WARN_INT_CONVERSION = YES;
				CLANG_WARN_NON_LITERAL_NULL_CONVERSION = YES;
				CLANG_WARN_OBJC_LITERAL_CONVERSION = YES;
				CLANG_WARN_OBJC_ROOT_CLASS = YES_ERROR;
				CLANG_WARN_RANGE_LOOP_ANALYSIS = YES;
				CLANG_WARN_STRICT_PROTOTYPES = YES;
				CLANG_WARN_SUSPICIOUS_MOVE = YES;
				CLANG_WARN_UNGUARDED_AVAILABILITY = YES_AGGRESSIVE;
				CLANG_WARN_UNREACHABLE_CODE = YES;
				CLANG_WARN__DUPLICATE_METHOD_MATCH = YES;
				CODE_SIGN_IDENTITY = "iPhone Developer";
				COPY_PHASE_STRIP = NO;
				DEBUG_INFORMATION_FORMAT = dwarf;
				ENABLE_STRICT_OBJC_MSGSEND = YES;
				ENABLE_TESTABILITY = YES;
				GCC_C_LANGUAGE_STANDARD = gnu11;
				GCC_DYNAMIC_NO_PIC = NO;
				GCC_NO_COMMON_BLOCKS = YES;
				GCC_OPTIMIZATION_LEVEL = 0;
				GCC_PREPROCESSOR_DEFINITIONS = (
					"DEBUG=1",
					"$(inherited)",
				);
				GCC_WARN_64_TO_32_BIT_CONVERSION = YES;
				GCC_WARN_ABOUT_RETURN_TYPE = YES_ERROR;
				GCC_WARN_UNDECLARED_SELECTOR = YES;
				GCC_WARN_UNINITIALIZED_AUTOS = YES_AGGRESSIVE;
				GCC_WARN_UNUSED_FUNCTION = YES;
				GCC_WARN_UNUSED_VARIABLE = YES;
				IPHONEOS_DEPLOYMENT_TARGET = 11.2;
				MTL_ENABLE_DEBUG_INFO = YES;
				ONLY_ACTIVE_ARCH = YES;
				SDKROOT = iphoneos;
			};
			name = Debug;
		};
		F2B68AE32047CB42009AD0AA /* Release */ = {
			isa = XCBuildConfiguration;
			buildSettings = {
				ALWAYS_SEARCH_USER_PATHS = NO;
				CLANG_ANALYZER_NONNULL = YES;
				CLANG_ANALYZER_NUMBER_OBJECT_CONVERSION = YES_AGGRESSIVE;
				CLANG_CXX_LANGUAGE_STANDARD = "gnu++14";
				CLANG_CXX_LIBRARY = "libc++";
				CLANG_ENABLE_MODULES = YES;
				CLANG_ENABLE_OBJC_ARC = YES;
				CLANG_WARN_BLOCK_CAPTURE_AUTORELEASING = YES;
				CLANG_WARN_BOOL_CONVERSION = YES;
				CLANG_WARN_COMMA = YES;
				CLANG_WARN_CONSTANT_CONVERSION = YES;
				CLANG_WARN_DIRECT_OBJC_ISA_USAGE = YES_ERROR;
				CLANG_WARN_DOCUMENTATION_COMMENTS = YES;
				CLANG_WARN_EMPTY_BODY = YES;
				CLANG_WARN_ENUM_CONVERSION = YES;
				CLANG_WARN_INFINITE_RECURSION = YES;
				CLANG_WARN_INT_CONVERSION = YES;
				CLANG_WARN_NON_LITERAL_NULL_CONVERSION = YES;
				CLANG_WARN_OBJC_LITERAL_CONVERSION = YES;
				CLANG_WARN_OBJC_ROOT_CLASS = YES_ERROR;
				CLANG_WARN_RANGE_LOOP_ANALYSIS = YES;
				CLANG_WARN_STRICT_PROTOTYPES = YES;
				CLANG_WARN_SUSPICIOUS_MOVE = YES;
				CLANG_WARN_UNGUARDED_AVAILABILITY = YES_AGGRESSIVE;
				CLANG_WARN_UNREACHABLE_CODE = YES;
				CLANG_WARN__DUPLICATE_METHOD_MATCH = YES;
				CODE_SIGN_IDENTITY = "iPhone Developer";
				COPY_PHASE_STRIP = NO;
				DEBUG_INFORMATION_FORMAT = "dwarf-with-dsym";
				ENABLE_NS_ASSERTIONS = NO;
				ENABLE_STRICT_OBJC_MSGSEND = YES;
				GCC_C_LANGUAGE_STANDARD = gnu11;
				GCC_NO_COMMON_BLOCKS = YES;
				GCC_WARN_64_TO_32_BIT_CONVERSION = YES;
				GCC_WARN_ABOUT_RETURN_TYPE = YES_ERROR;
				GCC_WARN_UNDECLARED_SELECTOR = YES;
				GCC_WARN_UNINITIALIZED_AUTOS = YES_AGGRESSIVE;
				GCC_WARN_UNUSED_FUNCTION = YES;
				GCC_WARN_UNUSED_VARIABLE = YES;
				IPHONEOS_DEPLOYMENT_TARGET = 11.2;
				MTL_ENABLE_DEBUG_INFO = NO;
				SDKROOT = iphoneos;
				VALIDATE_PRODUCT = YES;
			};
			name = Release;
		};
		F2B68AE52047CB42009AD0AA /* Debug */ = {
			isa = XCBuildConfiguration;
			baseConfigurationReference = 4689E5E0E92AD27E629055CC /* Pods-MetroSeat.debug.xcconfig */;
			buildSettings = {
				ASSETCATALOG_COMPILER_APPICON_NAME = AppIcon;
				CLANG_ENABLE_MODULES = YES;
				"CODE_SIGN_IDENTITY[sdk=iphoneos*]" = "iPhone Distribution";
				CODE_SIGN_STYLE = Manual;
				DEFINES_MODULE = NO;
				DEVELOPMENT_TEAM = J55PX5JV76;
				INFOPLIST_FILE = MetroSeat/Info.plist;
				IPHONEOS_DEPLOYMENT_TARGET = 8.0;
				LD_RUNPATH_SEARCH_PATHS = "$(inherited) @executable_path/Frameworks";
				PRODUCT_BUNDLE_IDENTIFIER = com.heguang.metro.seat;
				PRODUCT_MODULE_NAME = "$(PRODUCT_NAME:c99extidentifier)";
				PRODUCT_NAME = "$(TARGET_NAME)";
				PROVISIONING_PROFILE = "535fb7af-6ecb-45af-93a7-d17785afb20a";
				PROVISIONING_PROFILE_SPECIFIER = "MetroSeat Distribution";
				SWIFT_OBJC_BRIDGING_HEADER = "MetroSeat/MetroSeat-Bridging-Header.h";
				SWIFT_OPTIMIZATION_LEVEL = "-Onone";
				SWIFT_VERSION = 3.0;
				TARGETED_DEVICE_FAMILY = "1,2";
			};
			name = Debug;
		};
		F2B68AE62047CB42009AD0AA /* Release */ = {
			isa = XCBuildConfiguration;
			baseConfigurationReference = 5A59061B39BCB496612F89E1 /* Pods-MetroSeat.release.xcconfig */;
			buildSettings = {
				ASSETCATALOG_COMPILER_APPICON_NAME = AppIcon;
				CLANG_ENABLE_MODULES = YES;
				"CODE_SIGN_IDENTITY[sdk=iphoneos*]" = "iPhone Distribution";
				CODE_SIGN_STYLE = Manual;
				DEFINES_MODULE = NO;
				DEVELOPMENT_TEAM = J55PX5JV76;
				INFOPLIST_FILE = MetroSeat/Info.plist;
				IPHONEOS_DEPLOYMENT_TARGET = 8.0;
				LD_RUNPATH_SEARCH_PATHS = "$(inherited) @executable_path/Frameworks";
				PRODUCT_BUNDLE_IDENTIFIER = com.heguang.metro.seat;
				PRODUCT_MODULE_NAME = "$(PRODUCT_NAME:c99extidentifier)";
				PRODUCT_NAME = "$(TARGET_NAME)";
				PROVISIONING_PROFILE = "535fb7af-6ecb-45af-93a7-d17785afb20a";
				PROVISIONING_PROFILE_SPECIFIER = "MetroSeat Distribution";
				SWIFT_OBJC_BRIDGING_HEADER = "MetroSeat/MetroSeat-Bridging-Header.h";
				SWIFT_VERSION = 3.0;
				TARGETED_DEVICE_FAMILY = "1,2";
			};
			name = Release;
		};
		F2B68AE82047CB42009AD0AA /* Debug */ = {
			isa = XCBuildConfiguration;
			baseConfigurationReference = F22297838D46EB6680F9F433 /* Pods-MetroSeatTests.debug.xcconfig */;
			buildSettings = {
				BUNDLE_LOADER = "$(TEST_HOST)";
				CODE_SIGN_STYLE = Automatic;
				DEVELOPMENT_TEAM = W6SHUFSB65;
				INFOPLIST_FILE = MetroSeatTests/Info.plist;
				LD_RUNPATH_SEARCH_PATHS = "$(inherited) @executable_path/Frameworks @loader_path/Frameworks";
				PRODUCT_BUNDLE_IDENTIFIER = HG.MetroSeatTests;
				PRODUCT_NAME = "$(TARGET_NAME)";
				TARGETED_DEVICE_FAMILY = "1,2";
				TEST_HOST = "$(BUILT_PRODUCTS_DIR)/MetroSeat.app/MetroSeat";
			};
			name = Debug;
		};
		F2B68AE92047CB42009AD0AA /* Release */ = {
			isa = XCBuildConfiguration;
			baseConfigurationReference = 0FF57870B9CF2BB833D6A844 /* Pods-MetroSeatTests.release.xcconfig */;
			buildSettings = {
				BUNDLE_LOADER = "$(TEST_HOST)";
				CODE_SIGN_STYLE = Automatic;
				DEVELOPMENT_TEAM = W6SHUFSB65;
				INFOPLIST_FILE = MetroSeatTests/Info.plist;
				LD_RUNPATH_SEARCH_PATHS = "$(inherited) @executable_path/Frameworks @loader_path/Frameworks";
				PRODUCT_BUNDLE_IDENTIFIER = HG.MetroSeatTests;
				PRODUCT_NAME = "$(TARGET_NAME)";
				TARGETED_DEVICE_FAMILY = "1,2";
				TEST_HOST = "$(BUILT_PRODUCTS_DIR)/MetroSeat.app/MetroSeat";
			};
			name = Release;
		};
		F2B68AEB2047CB42009AD0AA /* Debug */ = {
			isa = XCBuildConfiguration;
			baseConfigurationReference = 66E29B070CA189C71121100F /* Pods-MetroSeatUITests.debug.xcconfig */;
			buildSettings = {
				CODE_SIGN_STYLE = Automatic;
				DEVELOPMENT_TEAM = W6SHUFSB65;
				INFOPLIST_FILE = MetroSeatUITests/Info.plist;
				LD_RUNPATH_SEARCH_PATHS = "$(inherited) @executable_path/Frameworks @loader_path/Frameworks";
				PRODUCT_BUNDLE_IDENTIFIER = HG.MetroSeatUITests;
				PRODUCT_NAME = "$(TARGET_NAME)";
				TARGETED_DEVICE_FAMILY = "1,2";
				TEST_TARGET_NAME = MetroSeat;
			};
			name = Debug;
		};
		F2B68AEC2047CB42009AD0AA /* Release */ = {
			isa = XCBuildConfiguration;
			baseConfigurationReference = D187801B02CBB5D03B97C218 /* Pods-MetroSeatUITests.release.xcconfig */;
			buildSettings = {
				CODE_SIGN_STYLE = Automatic;
				DEVELOPMENT_TEAM = W6SHUFSB65;
				INFOPLIST_FILE = MetroSeatUITests/Info.plist;
				LD_RUNPATH_SEARCH_PATHS = "$(inherited) @executable_path/Frameworks @loader_path/Frameworks";
				PRODUCT_BUNDLE_IDENTIFIER = HG.MetroSeatUITests;
				PRODUCT_NAME = "$(TARGET_NAME)";
				TARGETED_DEVICE_FAMILY = "1,2";
				TEST_TARGET_NAME = MetroSeat;
			};
			name = Release;
		};
/* End XCBuildConfiguration section */

/* Begin XCConfigurationList section */
		F2B68AB32047CB41009AD0AA /* Build configuration list for PBXProject "MetroSeat" */ = {
			isa = XCConfigurationList;
			buildConfigurations = (
				F2B68AE22047CB42009AD0AA /* Debug */,
				F2B68AE32047CB42009AD0AA /* Release */,
			);
			defaultConfigurationIsVisible = 0;
			defaultConfigurationName = Release;
		};
		F2B68AE42047CB42009AD0AA /* Build configuration list for PBXNativeTarget "MetroSeat" */ = {
			isa = XCConfigurationList;
			buildConfigurations = (
				F2B68AE52047CB42009AD0AA /* Debug */,
				F2B68AE62047CB42009AD0AA /* Release */,
			);
			defaultConfigurationIsVisible = 0;
			defaultConfigurationName = Release;
		};
		F2B68AE72047CB42009AD0AA /* Build configuration list for PBXNativeTarget "MetroSeatTests" */ = {
			isa = XCConfigurationList;
			buildConfigurations = (
				F2B68AE82047CB42009AD0AA /* Debug */,
				F2B68AE92047CB42009AD0AA /* Release */,
			);
			defaultConfigurationIsVisible = 0;
			defaultConfigurationName = Release;
		};
		F2B68AEA2047CB42009AD0AA /* Build configuration list for PBXNativeTarget "MetroSeatUITests" */ = {
			isa = XCConfigurationList;
			buildConfigurations = (
				F2B68AEB2047CB42009AD0AA /* Debug */,
				F2B68AEC2047CB42009AD0AA /* Release */,
			);
			defaultConfigurationIsVisible = 0;
			defaultConfigurationName = Release;
		};
/* End XCConfigurationList section */
	};
	rootObject = F2B68AB02047CB41009AD0AA /* Project object */;
}
